
Microsoft Visual Studio Solution File, Format Version 12.00
# Visual Studio Version 17
VisualStudioVersion = 17.2.32630.192
MinimumVisualStudioVersion = 10.0.40219.1
Project("{FAE04EC0-301F-11D3-BF4B-00C04F79EFBC}") = "MethodsWithLoopsAndConditionals", "MethodsWithLoopsAndConditionals\MethodsWithLoopsAndConditionals.csproj", "{A4FA0781-0123-4004-8D3A-1CC8F57348DE}"
EndProject
Global
	GlobalSection(SolutionConfigurationPlatforms) = preSolution
		Debug|Any CPU = Debug|Any CPU
		Release|Any CPU = Release|Any CPU
	EndGlobalSection
	GlobalSection(ProjectConfigurationPlatforms) = postSolution
		{A4FA0781-0123-4004-8D3A-1CC8F57348DE}.Debug|Any CPU.ActiveCfg = Debug|Any CPU
		{A4FA0781-0123-4004-8D3A-1CC8F57348DE}.Debug|Any CPU.Build.0 = Debug|Any CPU
		{A4FA0781-0123-4004-8D3A-1CC8F57348DE}.Release|Any CPU.ActiveCfg = Release|Any CPU
		{A4FA0781-0123-4004-8D3A-1CC8F57348DE}.Release|Any CPU.Build.0 = Release|Any CPU
	EndGlobalSection
	GlobalSection(SolutionProperties) = preSolution
		HideSolutionNode = FALSE
	EndGlobalSection
	GlobalSection(ExtensibilityGlobals) = postSolution
		SolutionGuid = {DEA218BA-9BBA-436F-AAAC-1EB2C1290373}
	EndGlobalSection
EndGlobal
